<?xml version="1.0" encoding="utf-8"?>
<Project ToolsVersion="4.0" xmlns="http://schemas.microsoft.com/developer/msbuild/2003">
  <ItemGroup>
    <ClCompile Include="src\Hooks.cpp" />
    <ClCompile Include="src\main.cpp" />
    <ClCompile Include="src\PCH.cpp" />
  </ItemGroup>
  <ItemGroup>
    <ClInclude Include="src\Hooks.h" />
    <ClInclude Include="src\Offsets.h" />
    <ClInclude Include="src\PCH.h" />
  </ItemGroup>
</Project>